{
    "name": "zotxt",
    "lockfileVersion": 2,
    "requires": true,
    "packages": {
        "": {
            "dependencies": {
                "bluebird": "^3.5.1",
                "mocha": "^4.0.1",
                "sinon": "^4.0.2",
                "xregexp": "^3.2.0"
            }
        },
        "node_modules/@sinonjs/commons": {
            "version": "1.7.0",
            "resolved": "https://registry.npmjs.org/@sinonjs/commons/-/commons-1.7.0.tgz",
            "license": "BSD-3-Clause",
            "dependencies": {
                "type-detect": "4.0.8"
            }
        },
        "node_modules/@sinonjs/formatio": {
            "version": "2.0.0",
            "resolved": "https://registry.npmjs.org/@sinonjs/formatio/-/formatio-2.0.0.tgz",
            "license": "BSD-3-Clause",
            "dependencies": {
                "samsam": "1.3.0"
            }
        },
        "node_modules/@sinonjs/samsam": {
            "version": "3.3.3",
            "resolved": "https://registry.npmjs.org/@sinonjs/samsam/-/samsam-3.3.3.tgz",
            "license": "BSD-3-Clause",
            "dependencies": {
                "@sinonjs/commons": "^1.3.0",
                "array-from": "^2.1.1",
                "lodash": "^4.17.15"
            }
        },
        "node_modules/@sinonjs/text-encoding": {
            "version": "0.7.1",
            "resolved": "https://registry.npmjs.org/@sinonjs/text-encoding/-/text-encoding-0.7.1.tgz",
            "license": "(Unlicense OR Apache-2.0)"
        },
        "node_modules/array-from": {
            "version": "2.1.1",
            "resolved": "https://registry.npmjs.org/array-from/-/array-from-2.1.1.tgz",
            "license": "MIT"
        },
        "node_modules/balanced-match": {
            "version": "1.0.0",
            "resolved": "https://registry.npmjs.org/balanced-match/-/balanced-match-1.0.0.tgz",
            "license": "MIT"
        },
        "node_modules/bluebird": {
            "version": "3.7.2",
            "resolved": "https://registry.npmjs.org/bluebird/-/bluebird-3.7.2.tgz",
            "license": "MIT"
        },
        "node_modules/brace-expansion": {
            "version": "1.1.8",
            "license": "MIT",
            "dependencies": {
                "balanced-match": "^1.0.0",
                "concat-map": "0.0.1"
            }
        },
        "node_modules/browser-stdout": {
            "version": "1.3.0",
            "resolved": "https://registry.npmjs.org/browser-stdout/-/browser-stdout-1.3.0.tgz",
            "license": "ISC"
        },
        "node_modules/commander": {
            "version": "2.11.0",
            "resolved": "https://registry.npmjs.org/commander/-/commander-2.11.0.tgz",
            "license": "MIT"
        },
        "node_modules/concat-map": {
            "version": "0.0.1",
            "resolved": "https://registry.npmjs.org/concat-map/-/concat-map-0.0.1.tgz",
            "license": "MIT"
        },
        "node_modules/debug": {
            "version": "3.1.0",
            "resolved": "https://registry.npmjs.org/debug/-/debug-3.1.0.tgz",
            "license": "MIT",
            "dependencies": {
                "ms": "2.0.0"
            }
        },
        "node_modules/diff": {
            "version": "3.3.1",
            "resolved": "https://registry.npmjs.org/diff/-/diff-3.3.1.tgz",
            "license": "BSD-3-Clause",
            "engines": {
                "node": ">=0.3.1"
            }
        },
        "node_modules/escape-string-regexp": {
            "version": "1.0.5",
            "resolved": "https://registry.npmjs.org/escape-string-regexp/-/escape-string-regexp-1.0.5.tgz",
            "license": "MIT",
            "engines": {
                "node": ">=0.8.0"
            }
        },
        "node_modules/fs.realpath": {
            "version": "1.0.0",
            "resolved": "https://registry.npmjs.org/fs.realpath/-/fs.realpath-1.0.0.tgz",
            "license": "ISC"
        },
        "node_modules/glob": {
            "version": "7.1.2",
            "resolved": "https://registry.npmjs.org/glob/-/glob-7.1.2.tgz",
            "license": "ISC",
            "dependencies": {
                "fs.realpath": "^1.0.0",
                "inflight": "^1.0.4",
                "inherits": "2",
                "minimatch": "^3.0.4",
                "once": "^1.3.0",
                "path-is-absolute": "^1.0.0"
            },
            "engines": {
                "node": "*"
            }
        },
        "node_modules/growl": {
            "version": "1.10.3",
            "resolved": "https://registry.npmjs.org/growl/-/growl-1.10.3.tgz",
            "license": "MIT",
            "engines": {
                "node": ">=4.x"
            }
        },
        "node_modules/has-flag": {
            "version": "2.0.0",
            "resolved": "https://registry.npmjs.org/has-flag/-/has-flag-2.0.0.tgz",
            "license": "MIT",
            "engines": {
                "node": ">=0.10.0"
            }
        },
        "node_modules/he": {
            "version": "1.1.1",
            "resolved": "https://registry.npmjs.org/he/-/he-1.1.1.tgz",
            "license": "MIT",
            "bin": {
                "he": "bin/he"
            }
        },
        "node_modules/inflight": {
            "version": "1.0.6",
            "resolved": "https://registry.npmjs.org/inflight/-/inflight-1.0.6.tgz",
            "license": "ISC",
            "dependencies": {
                "once": "^1.3.0",
                "wrappy": "1"
            }
        },
        "node_modules/inherits": {
            "version": "2.0.3",
            "license": "ISC"
        },
        "node_modules/just-extend": {
            "version": "4.0.2",
            "resolved": "https://registry.npmjs.org/just-extend/-/just-extend-4.0.2.tgz",
            "license": "MIT"
        },
        "node_modules/lodash": {
            "version": "4.17.15",
            "license": "MIT"
        },
        "node_modules/lodash.get": {
            "version": "4.4.2",
            "resolved": "https://registry.npmjs.org/lodash.get/-/lodash.get-4.4.2.tgz",
            "license": "MIT"
        },
        "node_modules/lolex": {
            "version": "2.7.5",
            "resolved": "https://registry.npmjs.org/lolex/-/lolex-2.7.5.tgz",
            "license": "BSD-3-Clause"
        },
        "node_modules/minimatch": {
            "version": "3.0.4",
            "resolved": "https://registry.npmjs.org/minimatch/-/minimatch-3.0.4.tgz",
            "license": "ISC",
            "dependencies": {
                "brace-expansion": "^1.1.7"
            },
            "engines": {
                "node": "*"
            }
        },
        "node_modules/minimist": {
            "version": "0.0.8",
            "resolved": "https://registry.npmjs.org/minimist/-/minimist-0.0.8.tgz",
            "license": "MIT"
        },
        "node_modules/mkdirp": {
            "version": "0.5.1",
            "resolved": "https://registry.npmjs.org/mkdirp/-/mkdirp-0.5.1.tgz",
            "license": "MIT",
            "dependencies": {
                "minimist": "0.0.8"
            },
            "bin": {
                "mkdirp": "bin/cmd.js"
            }
        },
        "node_modules/mocha": {
            "version": "4.1.0",
            "resolved": "https://registry.npmjs.org/mocha/-/mocha-4.1.0.tgz",
            "license": "MIT",
            "dependencies": {
                "browser-stdout": "1.3.0",
                "commander": "2.11.0",
                "debug": "3.1.0",
                "diff": "3.3.1",
                "escape-string-regexp": "1.0.5",
                "glob": "7.1.2",
                "growl": "1.10.3",
                "he": "1.1.1",
                "mkdirp": "0.5.1",
                "supports-color": "4.4.0"
            },
            "bin": {
                "_mocha": "bin/_mocha",
                "mocha": "bin/mocha"
            },
            "engines": {
                "node": ">= 4.0.0"
            }
        },
        "node_modules/ms": {
            "version": "2.0.0",
            "resolved": "https://registry.npmjs.org/ms/-/ms-2.0.0.tgz",
            "license": "MIT"
        },
        "node_modules/nise": {
            "version": "1.5.3",
            "resolved": "https://registry.npmjs.org/nise/-/nise-1.5.3.tgz",
            "license": "BSD-3-Clause",
            "dependencies": {
                "@sinonjs/formatio": "^3.2.1",
                "@sinonjs/text-encoding": "^0.7.1",
                "just-extend": "^4.0.2",
                "lolex": "^5.0.1",
                "path-to-regexp": "^1.7.0"
            }
        },
        "node_modules/nise/node_modules/@sinonjs/formatio": {
            "version": "3.2.2",
            "resolved": "https://registry.npmjs.org/@sinonjs/formatio/-/formatio-3.2.2.tgz",
            "license": "BSD-3-Clause",
            "dependencies": {
                "@sinonjs/commons": "^1",
                "@sinonjs/samsam": "^3.1.0"
            }
        },
        "node_modules/nise/node_modules/lolex": {
            "version": "5.1.2",
            "resolved": "https://registry.npmjs.org/lolex/-/lolex-5.1.2.tgz",
            "license": "BSD-3-Clause",
            "dependencies": {
                "@sinonjs/commons": "^1.7.0"
            }
        },
        "node_modules/once": {
            "version": "1.4.0",
            "resolved": "https://registry.npmjs.org/once/-/once-1.4.0.tgz",
            "license": "ISC",
            "dependencies": {
                "wrappy": "1"
            }
        },
        "node_modules/path-is-absolute": {
            "version": "1.0.1",
            "resolved": "https://registry.npmjs.org/path-is-absolute/-/path-is-absolute-1.0.1.tgz",
            "license": "MIT",
            "engines": {
                "node": ">=0.10.0"
            }
        },
        "node_modules/path-to-regexp": {
            "version": "1.8.0",
            "resolved": "https://registry.npmjs.org/path-to-regexp/-/path-to-regexp-1.8.0.tgz",
            "license": "MIT",
            "dependencies": {
                "isarray": "0.0.1"
            }
        },
        "node_modules/path-to-regexp/node_modules/isarray": {
            "version": "0.0.1",
            "resolved": "https://registry.npmjs.org/isarray/-/isarray-0.0.1.tgz",
            "license": "MIT"
        },
        "node_modules/samsam": {
            "version": "1.3.0",
            "resolved": "https://registry.npmjs.org/samsam/-/samsam-1.3.0.tgz",
            "deprecated": "This package has been deprecated in favour of @sinonjs/samsam",
            "license": "BSD-3-Clause"
        },
        "node_modules/sinon": {
            "version": "4.5.0",
            "resolved": "https://registry.npmjs.org/sinon/-/sinon-4.5.0.tgz",
            "hasInstallScript": true,
            "license": "BSD-3-Clause",
            "dependencies": {
                "@sinonjs/formatio": "^2.0.0",
                "diff": "^3.1.0",
                "lodash.get": "^4.4.2",
                "lolex": "^2.2.0",
                "nise": "^1.2.0",
                "supports-color": "^5.1.0",
                "type-detect": "^4.0.5"
            }
        },
        "node_modules/sinon/node_modules/has-flag": {
            "version": "3.0.0",
            "resolved": "https://registry.npmjs.org/has-flag/-/has-flag-3.0.0.tgz",
            "license": "MIT",
            "engines": {
                "node": ">=4"
            }
        },
        "node_modules/sinon/node_modules/supports-color": {
            "version": "5.5.0",
            "resolved": "https://registry.npmjs.org/supports-color/-/supports-color-5.5.0.tgz",
            "license": "MIT",
            "dependencies": {
                "has-flag": "^3.0.0"
            },
            "engines": {
                "node": ">=4"
            }
        },
        "node_modules/supports-color": {
            "version": "4.4.0",
            "resolved": "https://registry.npmjs.org/supports-color/-/supports-color-4.4.0.tgz",
            "license": "MIT",
            "dependencies": {
                "has-flag": "^2.0.0"
            },
            "engines": {
                "node": ">=4"
            }
        },
        "node_modules/type-detect": {
            "version": "4.0.8",
            "resolved": "https://registry.npmjs.org/type-detect/-/type-detect-4.0.8.tgz",
            "license": "MIT",
            "engines": {
                "node": ">=4"
            }
        },
        "node_modules/wrappy": {
            "version": "1.0.2",
            "resolved": "https://registry.npmjs.org/wrappy/-/wrappy-1.0.2.tgz",
            "license": "ISC"
        },
        "node_modules/xregexp": {
            "version": "3.2.0",
            "resolved": "https://registry.npmjs.org/xregexp/-/xregexp-3.2.0.tgz",
            "license": "MIT"
        }
    },
    "dependencies": {
        "@sinonjs/commons": {
            "version": "1.7.0",
            "resolved": "https://registry.npmjs.org/@sinonjs/commons/-/commons-1.7.0.tgz",
            "requires": {
                "type-detect": "4.0.8"
            }
        },
        "@sinonjs/formatio": {
            "version": "2.0.0",
            "resolved": "https://registry.npmjs.org/@sinonjs/formatio/-/formatio-2.0.0.tgz",
            "requires": {
                "samsam": "1.3.0"
            }
        },
        "@sinonjs/samsam": {
            "version": "3.3.3",
            "resolved": "https://registry.npmjs.org/@sinonjs/samsam/-/samsam-3.3.3.tgz",
            "requires": {
                "@sinonjs/commons": "^1.3.0",
                "array-from": "^2.1.1",
                "lodash": "^4.17.15"
            }
        },
        "@sinonjs/text-encoding": {
            "version": "0.7.1",
            "resolved": "https://registry.npmjs.org/@sinonjs/text-encoding/-/text-encoding-0.7.1.tgz"
        },
        "array-from": {
            "version": "2.1.1",
            "resolved": "https://registry.npmjs.org/array-from/-/array-from-2.1.1.tgz"
        },
        "balanced-match": {
            "version": "1.0.0",
            "resolved": "https://registry.npmjs.org/balanced-match/-/balanced-match-1.0.0.tgz"
        },
        "bluebird": {
            "version": "3.7.2",
            "resolved": "https://registry.npmjs.org/bluebird/-/bluebird-3.7.2.tgz"
        },
        "brace-expansion": {
            "version": "1.1.8",
            "requires": {
                "balanced-match": "^1.0.0",
                "concat-map": "0.0.1"
            }
        },
        "browser-stdout": {
            "version": "1.3.0",
            "resolved": "https://registry.npmjs.org/browser-stdout/-/browser-stdout-1.3.0.tgz"
        },
        "commander": {
            "version": "2.11.0",
            "resolved": "https://registry.npmjs.org/commander/-/commander-2.11.0.tgz"
        },
        "concat-map": {
            "version": "0.0.1",
            "resolved": "https://registry.npmjs.org/concat-map/-/concat-map-0.0.1.tgz"
        },
        "debug": {
            "version": "3.1.0",
            "resolved": "https://registry.npmjs.org/debug/-/debug-3.1.0.tgz",
            "requires": {
                "ms": "2.0.0"
            }
        },
        "diff": {
            "version": "3.3.1",
            "resolved": "https://registry.npmjs.org/diff/-/diff-3.3.1.tgz"
        },
        "escape-string-regexp": {
            "version": "1.0.5",
            "resolved": "https://registry.npmjs.org/escape-string-regexp/-/escape-string-regexp-1.0.5.tgz"
        },
        "fs.realpath": {
            "version": "1.0.0",
            "resolved": "https://registry.npmjs.org/fs.realpath/-/fs.realpath-1.0.0.tgz"
        },
        "glob": {
            "version": "7.1.2",
            "resolved": "https://registry.npmjs.org/glob/-/glob-7.1.2.tgz",
            "requires": {
                "fs.realpath": "^1.0.0",
                "inflight": "^1.0.4",
                "inherits": "2",
                "minimatch": "^3.0.4",
                "once": "^1.3.0",
                "path-is-absolute": "^1.0.0"
            }
        },
        "growl": {
            "version": "1.10.3",
            "resolved": "https://registry.npmjs.org/growl/-/growl-1.10.3.tgz"
        },
        "has-flag": {
            "version": "2.0.0",
            "resolved": "https://registry.npmjs.org/has-flag/-/has-flag-2.0.0.tgz"
        },
        "he": {
            "version": "1.1.1",
            "resolved": "https://registry.npmjs.org/he/-/he-1.1.1.tgz"
        },
        "inflight": {
            "version": "1.0.6",
            "resolved": "https://registry.npmjs.org/inflight/-/inflight-1.0.6.tgz",
            "requires": {
                "once": "^1.3.0",
                "wrappy": "1"
            }
        },
        "inherits": {
            "version": "2.0.3"
        },
        "just-extend": {
            "version": "4.0.2",
            "resolved": "https://registry.npmjs.org/just-extend/-/just-extend-4.0.2.tgz"
        },
        "lodash": {
            "version": "4.17.15"
        },
        "lodash.get": {
            "version": "4.4.2",
            "resolved": "https://registry.npmjs.org/lodash.get/-/lodash.get-4.4.2.tgz"
        },
        "lolex": {
            "version": "2.7.5",
            "resolved": "https://registry.npmjs.org/lolex/-/lolex-2.7.5.tgz"
        },
        "minimatch": {
            "version": "3.0.4",
            "resolved": "https://registry.npmjs.org/minimatch/-/minimatch-3.0.4.tgz",
            "requires": {
                "brace-expansion": "^1.1.7"
            }
        },
        "minimist": {
            "version": "0.0.8",
            "resolved": "https://registry.npmjs.org/minimist/-/minimist-0.0.8.tgz"
        },
        "mkdirp": {
            "version": "0.5.1",
            "resolved": "https://registry.npmjs.org/mkdirp/-/mkdirp-0.5.1.tgz",
            "requires": {
                "minimist": "0.0.8"
            }
        },
        "mocha": {
            "version": "4.1.0",
            "resolved": "https://registry.npmjs.org/mocha/-/mocha-4.1.0.tgz",
            "requires": {
                "browser-stdout": "1.3.0",
                "commander": "2.11.0",
                "debug": "3.1.0",
                "diff": "3.3.1",
                "escape-string-regexp": "1.0.5",
                "glob": "7.1.2",
                "growl": "1.10.3",
                "he": "1.1.1",
                "mkdirp": "0.5.1",
                "supports-color": "4.4.0"
            }
        },
        "ms": {
            "version": "2.0.0",
            "resolved": "https://registry.npmjs.org/ms/-/ms-2.0.0.tgz"
        },
        "nise": {
            "version": "1.5.3",
            "resolved": "https://registry.npmjs.org/nise/-/nise-1.5.3.tgz",
            "requires": {
                "@sinonjs/formatio": "^3.2.1",
                "@sinonjs/text-encoding": "^0.7.1",
                "just-extend": "^4.0.2",
                "lolex": "^5.0.1",
                "path-to-regexp": "^1.7.0"
            },
            "dependencies": {
                "@sinonjs/formatio": {
                    "version": "3.2.2",
                    "resolved": "https://registry.npmjs.org/@sinonjs/formatio/-/formatio-3.2.2.tgz",
                    "requires": {
                        "@sinonjs/commons": "^1",
                        "@sinonjs/samsam": "^3.1.0"
                    }
                },
                "lolex": {
                    "version": "5.1.2",
                    "resolved": "https://registry.npmjs.org/lolex/-/lolex-5.1.2.tgz",
                    "requires": {
                        "@sinonjs/commons": "^1.7.0"
                    }
                }
            }
        },
        "once": {
            "version": "1.4.0",
            "resolved": "https://registry.npmjs.org/once/-/once-1.4.0.tgz",
            "requires": {
                "wrappy": "1"
            }
        },
        "path-is-absolute": {
            "version": "1.0.1",
            "resolved": "https://registry.npmjs.org/path-is-absolute/-/path-is-absolute-1.0.1.tgz"
        },
        "path-to-regexp": {
            "version": "1.8.0",
            "resolved": "https://registry.npmjs.org/path-to-regexp/-/path-to-regexp-1.8.0.tgz",
            "requires": {
                "isarray": "0.0.1"
            },
            "dependencies": {
                "isarray": {
                    "version": "0.0.1",
                    "resolved": "https://registry.npmjs.org/isarray/-/isarray-0.0.1.tgz"
                }
            }
        },
        "samsam": {
            "version": "1.3.0",
            "resolved": "https://registry.npmjs.org/samsam/-/samsam-1.3.0.tgz"
        },
        "sinon": {
            "version": "4.5.0",
            "resolved": "https://registry.npmjs.org/sinon/-/sinon-4.5.0.tgz",
            "requires": {
                "@sinonjs/formatio": "^2.0.0",
                "diff": "^3.1.0",
                "lodash.get": "^4.4.2",
                "lolex": "^2.2.0",
                "nise": "^1.2.0",
                "supports-color": "^5.1.0",
                "type-detect": "^4.0.5"
            },
            "dependencies": {
                "has-flag": {
                    "version": "3.0.0",
                    "resolved": "https://registry.npmjs.org/has-flag/-/has-flag-3.0.0.tgz"
                },
                "supports-color": {
                    "version": "5.5.0",
                    "resolved": "https://registry.npmjs.org/supports-color/-/supports-color-5.5.0.tgz",
                    "requires": {
                        "has-flag": "^3.0.0"
                    }
                }
            }
        },
        "supports-color": {
            "version": "4.4.0",
            "resolved": "https://registry.npmjs.org/supports-color/-/supports-color-4.4.0.tgz",
            "requires": {
                "has-flag": "^2.0.0"
            }
        },
        "type-detect": {
            "version": "4.0.8",
            "resolved": "https://registry.npmjs.org/type-detect/-/type-detect-4.0.8.tgz"
        },
        "wrappy": {
            "version": "1.0.2",
            "resolved": "https://registry.npmjs.org/wrappy/-/wrappy-1.0.2.tgz"
        },
        "xregexp": {
            "version": "3.2.0",
            "resolved": "https://registry.npmjs.org/xregexp/-/xregexp-3.2.0.tgz"
        }
    }
}
